PODS:
  - Alamofire (5.4.4)
  - GVSwiftNetwork (0.1.0):
    - Alamofire (~> 5.4.3)

DEPENDENCIES:
  - GVSwiftNetwork (from `../`)

SPEC REPOS:
  trunk:
    - Alamofire

EXTERNAL SOURCES:
  GVSwiftNetwork:
    :path: "../"

SPEC CHECKSUMS:
  Alamofire: f3b09a368f1582ab751b3fff5460276e0d2cf5c9
  GVSwiftNetwork: c656bd0de37f2afb627a9c60cfc9fe8ce0f46578

PODFILE CHECKSUM: 151e12b6e5488b990a1b81e828ec423543d3bf5c

COCOAPODS: 1.11.2
